
Microsoft Visual Studio Solution File, Format Version 12.00
# Visual Studio Version 16
VisualStudioVersion = 16.0.31321.278
MinimumVisualStudioVersion = 10.0.40219.1
Project("{FAE04EC0-301F-11D3-BF4B-00C04F79EFBC}") = "TempDbPerformanceTester", "TempDbPerformanceTester\TempDbPerformanceTester.csproj", "{02014187-147C-4584-88AC-CDE069F79A45}"
EndProject
Global
	GlobalSection(SolutionConfigurationPlatforms) = preSolution
		Debug|Any CPU = Debug|Any CPU
		Release|Any CPU = Release|Any CPU
	EndGlobalSection
	GlobalSection(ProjectConfigurationPlatforms) = postSolution
		{02014187-147C-4584-88AC-CDE069F79A45}.Debug|Any CPU.ActiveCfg = Debug|Any CPU
		{02014187-147C-4584-88AC-CDE069F79A45}.Debug|Any CPU.Build.0 = Debug|Any CPU
		{02014187-147C-4584-88AC-CDE069F79A45}.Release|Any CPU.ActiveCfg = Release|Any CPU
		{02014187-147C-4584-88AC-CDE069F79A45}.Release|Any CPU.Build.0 = Release|Any CPU
	EndGlobalSection
	GlobalSection(SolutionProperties) = preSolution
		HideSolutionNode = FALSE
	EndGlobalSection
	GlobalSection(ExtensibilityGlobals) = postSolution
		SolutionGuid = {9B21D5F6-933C-4EBA-8947-F286EEEF94F6}
	EndGlobalSection
EndGlobal
